
Microsoft Visual Studio Solution File, Format Version 12.00
# Visual Studio 15
VisualStudioVersion = 15.0.26124.0
MinimumVisualStudioVersion = 15.0.26124.0
Project("{FAE04EC0-301F-11D3-BF4B-00C04F79EFBC}") = "DinosaurQuestTests", "DinosaurQuestTests\DinosaurQuestTests.csproj", "{782697A0-CE72-43D9-AEC9-871D3E15923D}"
EndProject
Project("{FAE04EC0-301F-11D3-BF4B-00C04F79EFBC}") = "DinosaurQuest", "DinosaurQuestGame\DinosaurQuest.csproj", "{543F6253-59E8-45EE-9523-94A23BDD5314}"
EndProject
Global
	GlobalSection(SolutionConfigurationPlatforms) = preSolution
		Debug|Any CPU = Debug|Any CPU
		Debug|x64 = Debug|x64
		Debug|x86 = Debug|x86
		Release|Any CPU = Release|Any CPU
		Release|x64 = Release|x64
		Release|x86 = Release|x86
	EndGlobalSection
	GlobalSection(SolutionProperties) = preSolution
		HideSolutionNode = FALSE
	EndGlobalSection
	GlobalSection(ProjectConfigurationPlatforms) = postSolution
		{782697A0-CE72-43D9-AEC9-871D3E15923D}.Debug|Any CPU.ActiveCfg = Debug|Any CPU
		{782697A0-CE72-43D9-AEC9-871D3E15923D}.Debug|Any CPU.Build.0 = Debug|Any CPU
		{782697A0-CE72-43D9-AEC9-871D3E15923D}.Debug|x64.ActiveCfg = Debug|Any CPU
		{782697A0-CE72-43D9-AEC9-871D3E15923D}.Debug|x64.Build.0 = Debug|Any CPU
		{782697A0-CE72-43D9-AEC9-871D3E15923D}.Debug|x86.ActiveCfg = Debug|Any CPU
		{782697A0-CE72-43D9-AEC9-871D3E15923D}.Debug|x86.Build.0 = Debug|Any CPU
		{782697A0-CE72-43D9-AEC9-871D3E15923D}.Release|Any CPU.ActiveCfg = Release|Any CPU
		{782697A0-CE72-43D9-AEC9-871D3E15923D}.Release|Any CPU.Build.0 = Release|Any CPU
		{782697A0-CE72-43D9-AEC9-871D3E15923D}.Release|x64.ActiveCfg = Release|Any CPU
		{782697A0-CE72-43D9-AEC9-871D3E15923D}.Release|x64.Build.0 = Release|Any CPU
		{782697A0-CE72-43D9-AEC9-871D3E15923D}.Release|x86.ActiveCfg = Release|Any CPU
		{782697A0-CE72-43D9-AEC9-871D3E15923D}.Release|x86.Build.0 = Release|Any CPU
		{543F6253-59E8-45EE-9523-94A23BDD5314}.Debug|Any CPU.ActiveCfg = Debug|Any CPU
		{543F6253-59E8-45EE-9523-94A23BDD5314}.Debug|Any CPU.Build.0 = Debug|Any CPU
		{543F6253-59E8-45EE-9523-94A23BDD5314}.Debug|x64.ActiveCfg = Debug|Any CPU
		{543F6253-59E8-45EE-9523-94A23BDD5314}.Debug|x64.Build.0 = Debug|Any CPU
		{543F6253-59E8-45EE-9523-94A23BDD5314}.Debug|x86.ActiveCfg = Debug|Any CPU
		{543F6253-59E8-45EE-9523-94A23BDD5314}.Debug|x86.Build.0 = Debug|Any CPU
		{543F6253-59E8-45EE-9523-94A23BDD5314}.Release|Any CPU.ActiveCfg = Release|Any CPU
		{543F6253-59E8-45EE-9523-94A23BDD5314}.Release|Any CPU.Build.0 = Release|Any CPU
		{543F6253-59E8-45EE-9523-94A23BDD5314}.Release|x64.ActiveCfg = Release|Any CPU
		{543F6253-59E8-45EE-9523-94A23BDD5314}.Release|x64.Build.0 = Release|Any CPU
		{543F6253-59E8-45EE-9523-94A23BDD5314}.Release|x86.ActiveCfg = Release|Any CPU
		{543F6253-59E8-45EE-9523-94A23BDD5314}.Release|x86.Build.0 = Release|Any CPU
	EndGlobalSection
EndGlobal
